
Microsoft Visual Studio Solution File, Format Version 12.00
# Visual Studio Version 16
VisualStudioVersion = 16.0.29509.3
MinimumVisualStudioVersion = 10.0.40219.1
Project("{9A19103F-16F7-4668-BE54-9A1E7A4F7556}") = "MailReportGenerator", "MailReportGenerator.csproj", "{C38C9FB0-382E-4517-BB83-41C8D05C2055}"
EndProject
Global
	GlobalSection(SolutionConfigurationPlatforms) = preSolution
		Debug|Any CPU = Debug|Any CPU
		Release|Any CPU = Release|Any CPU
	EndGlobalSection
	GlobalSection(ProjectConfigurationPlatforms) = postSolution
		{C38C9FB0-382E-4517-BB83-41C8D05C2055}.Debug|Any CPU.ActiveCfg = Debug|Any CPU
		{C38C9FB0-382E-4517-BB83-41C8D05C2055}.Debug|Any CPU.Build.0 = Debug|Any CPU
		{C38C9FB0-382E-4517-BB83-41C8D05C2055}.Release|Any CPU.ActiveCfg = Release|Any CPU
		{C38C9FB0-382E-4517-BB83-41C8D05C2055}.Release|Any CPU.Build.0 = Release|Any CPU
	EndGlobalSection
	GlobalSection(SolutionProperties) = preSolution
		HideSolutionNode = FALSE
	EndGlobalSection
	GlobalSection(ExtensibilityGlobals) = postSolution
		SolutionGuid = {A5942639-6A92-404D-9F80-1E863283C797}
	EndGlobalSection
EndGlobal
